// !$*UTF8*$!
{
	archiveVersion = 1;
	classes = {
	};
	objectVersion = 46;
	objects = {

/* Begin PBXBuildFile section */
		3924E75F1DC7C12000B04C7F /* NSLayoutConstraint+StreamIt.swift in Sources */ = {isa = PBXBuildFile; fileRef = 3924E75E1DC7C12000B04C7F /* NSLayoutConstraint+StreamIt.swift */; };
		3924E7611DC7C1A600B04C7F /* UIButton+StreamIt.swift in Sources */ = {isa = PBXBuildFile; fileRef = 3924E7601DC7C1A600B04C7F /* UIButton+StreamIt.swift */; };
		3924E7631DC7C1D200B04C7F /* UIImageView+StreamIt.swift in Sources */ = {isa = PBXBuildFile; fileRef = 3924E7621DC7C1D200B04C7F /* UIImageView+StreamIt.swift */; };
		3924E7651DC7C20500B04C7F /* UILabel+StreamIt.swift in Sources */ = {isa = PBXBuildFile; fileRef = 3924E7641DC7C20500B04C7F /* UILabel+StreamIt.swift */; };
		3924E7671DC7C22400B04C7F /* UIView+StreamIt.swift in Sources */ = {isa = PBXBuildFile; fileRef = 3924E7661DC7C22400B04C7F /* UIView+StreamIt.swift */; };
		393F1A041DA2C89300A903DF /* AppDelegate.swift in Sources */ = {isa = PBXBuildFile; fileRef = 393F1A031DA2C89300A903DF /* AppDelegate.swift */; };
		393F1A061DA2C89300A903DF /* STInitialViewController.swift in Sources */ = {isa = PBXBuildFile; fileRef = 393F1A051DA2C89300A903DF /* STInitialViewController.swift */; };
		393F1A091DA2C89300A903DF /* Main.storyboard in Resources */ = {isa = PBXBuildFile; fileRef = 393F1A071DA2C89300A903DF /* Main.storyboard */; };
		393F1A0B1DA2C89300A903DF /* Assets.xcassets in Resources */ = {isa = PBXBuildFile; fileRef = 393F1A0A1DA2C89300A903DF /* Assets.xcassets */; };
		393F1A0E1DA2C89300A903DF /* LaunchScreen.storyboard in Resources */ = {isa = PBXBuildFile; fileRef = 393F1A0C1DA2C89300A903DF /* LaunchScreen.storyboard */; };
		3960C6E01DD1CB3A005CAFE5 /* UIColor+StreamIt.swift in Sources */ = {isa = PBXBuildFile; fileRef = 3960C6DF1DD1CB3A005CAFE5 /* UIColor+StreamIt.swift */; };
		3970AB601DD0FD9D00BC6AB3 /* STGenericCardView.swift in Sources */ = {isa = PBXBuildFile; fileRef = 3970AB5F1DD0FD9D00BC6AB3 /* STGenericCardView.swift */; };
/* End PBXBuildFile section */

/* Begin PBXFileReference section */
		3924E75E1DC7C12000B04C7F /* NSLayoutConstraint+StreamIt.swift */ = {isa = PBXFileReference; fileEncoding = 4; lastKnownFileType = sourcecode.swift; path = "NSLayoutConstraint+StreamIt.swift"; sourceTree = "<group>"; };
		3924E7601DC7C1A600B04C7F /* UIButton+StreamIt.swift */ = {isa = PBXFileReference; fileEncoding = 4; lastKnownFileType = sourcecode.swift; path = "UIButton+StreamIt.swift"; sourceTree = "<group>"; };
		3924E7621DC7C1D200B04C7F /* UIImageView+StreamIt.swift */ = {isa = PBXFileReference; fileEncoding = 4; lastKnownFileType = sourcecode.swift; path = "UIImageView+StreamIt.swift"; sourceTree = "<group>"; };
		3924E7641DC7C20500B04C7F /* UILabel+StreamIt.swift */ = {isa = PBXFileReference; fileEncoding = 4; lastKnownFileType = sourcecode.swift; path = "UILabel+StreamIt.swift"; sourceTree = "<group>"; };
		3924E7661DC7C22400B04C7F /* UIView+StreamIt.swift */ = {isa = PBXFileReference; fileEncoding = 4; lastKnownFileType = sourcecode.swift; path = "UIView+StreamIt.swift"; sourceTree = "<group>"; };
		393F1A001DA2C89300A903DF /* StreamIt.app */ = {isa = PBXFileReference; explicitFileType = wrapper.application; includeInIndex = 0; path = StreamIt.app; sourceTree = BUILT_PRODUCTS_DIR; };
		393F1A031DA2C89300A903DF /* AppDelegate.swift */ = {isa = PBXFileReference; lastKnownFileType = sourcecode.swift; path = AppDelegate.swift; sourceTree = "<group>"; };
		393F1A051DA2C89300A903DF /* STInitialViewController.swift */ = {isa = PBXFileReference; lastKnownFileType = sourcecode.swift; path = STInitialViewController.swift; sourceTree = "<group>"; };
		393F1A081DA2C89300A903DF /* Base */ = {isa = PBXFileReference; lastKnownFileType = file.storyboard; name = Base; path = Base.lproj/Main.storyboard; sourceTree = "<group>"; };
		393F1A0A1DA2C89300A903DF /* Assets.xcassets */ = {isa = PBXFileReference; lastKnownFileType = folder.assetcatalog; path = Assets.xcassets; sourceTree = "<group>"; };
		393F1A0D1DA2C89300A903DF /* Base */ = {isa = PBXFileReference; lastKnownFileType = file.storyboard; name = Base; path = Base.lproj/LaunchScreen.storyboard; sourceTree = "<group>"; };
		393F1A0F1DA2C89300A903DF /* Info.plist */ = {isa = PBXFileReference; lastKnownFileType = text.plist.xml; path = Info.plist; sourceTree = "<group>"; };
		3960C6DF1DD1CB3A005CAFE5 /* UIColor+StreamIt.swift */ = {isa = PBXFileReference; fileEncoding = 4; lastKnownFileType = sourcecode.swift; path = "UIColor+StreamIt.swift"; sourceTree = "<group>"; };
		3970AB5F1DD0FD9D00BC6AB3 /* STGenericCardView.swift */ = {isa = PBXFileReference; fileEncoding = 4; lastKnownFileType = sourcecode.swift; path = STGenericCardView.swift; sourceTree = "<group>"; };
/* End PBXFileReference section */

/* Begin PBXFrameworksBuildPhase section */
		393F19FD1DA2C89100A903DF /* Frameworks */ = {
			isa = PBXFrameworksBuildPhase;
			buildActionMask = 2147483647;
			files = (
			);
			runOnlyForDeploymentPostprocessing = 0;
		};
/* End PBXFrameworksBuildPhase section */

/* Begin PBXGroup section */
		3924E75C1DC7C0FA00B04C7F /* Util */ = {
			isa = PBXGroup;
			children = (
				3924E75D1DC7C10100B04C7F /* UIKit Extensions */,
			);
			name = Util;
			sourceTree = "<group>";
		};
		3924E75D1DC7C10100B04C7F /* UIKit Extensions */ = {
			isa = PBXGroup;
			children = (
				3924E75E1DC7C12000B04C7F /* NSLayoutConstraint+StreamIt.swift */,
				3924E7621DC7C1D200B04C7F /* UIImageView+StreamIt.swift */,
				3924E7601DC7C1A600B04C7F /* UIButton+StreamIt.swift */,
				3924E7641DC7C20500B04C7F /* UILabel+StreamIt.swift */,
				3924E7661DC7C22400B04C7F /* UIView+StreamIt.swift */,
				3960C6DF1DD1CB3A005CAFE5 /* UIColor+StreamIt.swift */,
			);
			name = "UIKit Extensions";
			sourceTree = "<group>";
		};
		3924E7681DC7C7BD00B04C7F /* Root UI */ = {
			isa = PBXGroup;
			children = (
				393F1A051DA2C89300A903DF /* STInitialViewController.swift */,
			);
			name = "Root UI";
			sourceTree = "<group>";
		};
		3924E7691DC7C7D200B04C7F /* Supporting Files */ = {
			isa = PBXGroup;
			children = (
				393F1A0F1DA2C89300A903DF /* Info.plist */,
				393F1A0C1DA2C89300A903DF /* LaunchScreen.storyboard */,
				393F1A071DA2C89300A903DF /* Main.storyboard */,
			);
			name = "Supporting Files";
			sourceTree = "<group>";
		};
		393F19F71DA2C89100A903DF = {
			isa = PBXGroup;
			children = (
				393F1A021DA2C89300A903DF /* StreamIt */,
				393F1A011DA2C89300A903DF /* Products */,
			);
			sourceTree = "<group>";
		};
		393F1A011DA2C89300A903DF /* Products */ = {
			isa = PBXGroup;
			children = (
				393F1A001DA2C89300A903DF /* StreamIt.app */,
			);
			name = Products;
			sourceTree = "<group>";
		};
		393F1A021DA2C89300A903DF /* StreamIt */ = {
			isa = PBXGroup;
			children = (
				393F1A031DA2C89300A903DF /* AppDelegate.swift */,
				3924E7681DC7C7BD00B04C7F /* Root UI */,
				3970AB5E1DD0FD7B00BC6AB3 /* Common Views */,
				3924E75C1DC7C0FA00B04C7F /* Util */,
				3924E7691DC7C7D200B04C7F /* Supporting Files */,
				393F1A0A1DA2C89300A903DF /* Assets.xcassets */,
			);
			path = StreamIt;
			sourceTree = "<group>";
		};
		3970AB5E1DD0FD7B00BC6AB3 /* Common Views */ = {
			isa = PBXGroup;
			children = (
				3970AB5F1DD0FD9D00BC6AB3 /* STGenericCardView.swift */,
			);
			name = "Common Views";
			sourceTree = "<group>";
		};
/* End PBXGroup section */

/* Begin PBXNativeTarget section */
		393F19FF1DA2C89100A903DF /* StreamIt */ = {
			isa = PBXNativeTarget;
			buildConfigurationList = 393F1A121DA2C89300A903DF /* Build configuration list for PBXNativeTarget "StreamIt" */;
			buildPhases = (
				393F19FC1DA2C89100A903DF /* Sources */,
				393F19FD1DA2C89100A903DF /* Frameworks */,
				393F19FE1DA2C89100A903DF /* Resources */,
			);
			buildRules = (
			);
			dependencies = (
			);
			name = StreamIt;
			productName = StreamIt;
			productReference = 393F1A001DA2C89300A903DF /* StreamIt.app */;
			productType = "com.apple.product-type.application";
		};
/* End PBXNativeTarget section */

/* Begin PBXProject section */
		393F19F81DA2C89100A903DF /* Project object */ = {
			isa = PBXProject;
			attributes = {
				LastSwiftUpdateCheck = 0800;
				LastUpgradeCheck = 0800;
				ORGANIZATIONNAME = 3004Group;
				TargetAttributes = {
					393F19FF1DA2C89100A903DF = {
						CreatedOnToolsVersion = 8.0;
						DevelopmentTeam = BF7URC6ZPU;
						ProvisioningStyle = Automatic;
					};
				};
			};
			buildConfigurationList = 393F19FB1DA2C89100A903DF /* Build configuration list for PBXProject "StreamIt" */;
			compatibilityVersion = "Xcode 3.2";
			developmentRegion = English;
			hasScannedForEncodings = 0;
			knownRegions = (
				en,
				Base,
			);
			mainGroup = 393F19F71DA2C89100A903DF;
			productRefGroup = 393F1A011DA2C89300A903DF /* Products */;
			projectDirPath = "";
			projectRoot = "";
			targets = (
				393F19FF1DA2C89100A903DF /* StreamIt */,
			);
		};
/* End PBXProject section */

/* Begin PBXResourcesBuildPhase section */
		393F19FE1DA2C89100A903DF /* Resources */ = {
			isa = PBXResourcesBuildPhase;
			buildActionMask = 2147483647;
			files = (
				393F1A0E1DA2C89300A903DF /* LaunchScreen.storyboard in Resources */,
				393F1A0B1DA2C89300A903DF /* Assets.xcassets in Resources */,
				393F1A091DA2C89300A903DF /* Main.storyboard in Resources */,
			);
			runOnlyForDeploymentPostprocessing = 0;
		};
/* End PBXResourcesBuildPhase section */

/* Begin PBXSourcesBuildPhase section */
		393F19FC1DA2C89100A903DF /* Sources */ = {
			isa = PBXSourcesBuildPhase;
			buildActionMask = 2147483647;
			files = (
				3924E7611DC7C1A600B04C7F /* UIButton+StreamIt.swift in Sources */,
				3960C6E01DD1CB3A005CAFE5 /* UIColor+StreamIt.swift in Sources */,
				393F1A061DA2C89300A903DF /* STInitialViewController.swift in Sources */,
				393F1A041DA2C89300A903DF /* AppDelegate.swift in Sources */,
				3970AB601DD0FD9D00BC6AB3 /* STGenericCardView.swift in Sources */,
				3924E7651DC7C20500B04C7F /* UILabel+StreamIt.swift in Sources */,
				3924E7631DC7C1D200B04C7F /* UIImageView+StreamIt.swift in Sources */,
				3924E7671DC7C22400B04C7F /* UIView+StreamIt.swift in Sources */,
				3924E75F1DC7C12000B04C7F /* NSLayoutConstraint+StreamIt.swift in Sources */,
			);
			runOnlyForDeploymentPostprocessing = 0;
		};
/* End PBXSourcesBuildPhase section */

/* Begin PBXVariantGroup section */
		393F1A071DA2C89300A903DF /* Main.storyboard */ = {
			isa = PBXVariantGroup;
			children = (
				393F1A081DA2C89300A903DF /* Base */,
			);
			name = Main.storyboard;
			sourceTree = "<group>";
		};
		393F1A0C1DA2C89300A903DF /* LaunchScreen.storyboard */ = {
			isa = PBXVariantGroup;
			children = (
				393F1A0D1DA2C89300A903DF /* Base */,
			);
			name = LaunchScreen.storyboard;
			sourceTree = "<group>";
		};
/* End PBXVariantGroup section */

/* Begin XCBuildConfiguration section */
		393F1A101DA2C89300A903DF /* Debug */ = {
			isa = XCBuildConfiguration;
			buildSettings = {
				ALWAYS_SEARCH_USER_PATHS = NO;
				CLANG_ANALYZER_NONNULL = YES;
				CLANG_CXX_LANGUAGE_STANDARD = "gnu++0x";
				CLANG_CXX_LIBRARY = "libc++";
				CLANG_ENABLE_MODULES = YES;
				CLANG_ENABLE_OBJC_ARC = YES;
				CLANG_WARN_BOOL_CONVERSION = YES;
				CLANG_WARN_CONSTANT_CONVERSION = YES;
				CLANG_WARN_DIRECT_OBJC_ISA_USAGE = YES_ERROR;
				CLANG_WARN_DOCUMENTATION_COMMENTS = YES;
				CLANG_WARN_EMPTY_BODY = YES;
				CLANG_WARN_ENUM_CONVERSION = YES;
				CLANG_WARN_INFINITE_RECURSION = YES;
				CLANG_WARN_INT_CONVERSION = YES;
				CLANG_WARN_OBJC_ROOT_CLASS = YES_ERROR;
				CLANG_WARN_SUSPICIOUS_MOVES = YES;
				CLANG_WARN_UNREACHABLE_CODE = YES;
				CLANG_WARN__DUPLICATE_METHOD_MATCH = YES;
				"CODE_SIGN_IDENTITY[sdk=iphoneos*]" = "iPhone Developer";
				COPY_PHASE_STRIP = NO;
				DEBUG_INFORMATION_FORMAT = dwarf;
				ENABLE_STRICT_OBJC_MSGSEND = YES;
				ENABLE_TESTABILITY = YES;
				GCC_C_LANGUAGE_STANDARD = gnu99;
				GCC_DYNAMIC_NO_PIC = NO;
				GCC_NO_COMMON_BLOCKS = YES;
				GCC_OPTIMIZATION_LEVEL = 0;
				GCC_PREPROCESSOR_DEFINITIONS = (
					"DEBUG=1",
					"$(inherited)",
				);
				GCC_WARN_64_TO_32_BIT_CONVERSION = YES;
				GCC_WARN_ABOUT_RETURN_TYPE = YES_ERROR;
				GCC_WARN_UNDECLARED_SELECTOR = YES;
				GCC_WARN_UNINITIALIZED_AUTOS = YES_AGGRESSIVE;
				GCC_WARN_UNUSED_FUNCTION = YES;
				GCC_WARN_UNUSED_VARIABLE = YES;
				IPHONEOS_DEPLOYMENT_TARGET = 10.0;
				MTL_ENABLE_DEBUG_INFO = YES;
				ONLY_ACTIVE_ARCH = YES;
				SDKROOT = iphoneos;
				SWIFT_ACTIVE_COMPILATION_CONDITIONS = DEBUG;
				SWIFT_OPTIMIZATION_LEVEL = "-Onone";
				SWIFT_VERSION = 2.3;
			};
			name = Debug;
		};
		393F1A111DA2C89300A903DF /* Release */ = {
			isa = XCBuildConfiguration;
			buildSettings = {
				ALWAYS_SEARCH_USER_PATHS = NO;
				CLANG_ANALYZER_NONNULL = YES;
				CLANG_CXX_LANGUAGE_STANDARD = "gnu++0x";
				CLANG_CXX_LIBRARY = "libc++";
				CLANG_ENABLE_MODULES = YES;
				CLANG_ENABLE_OBJC_ARC = YES;
				CLANG_WARN_BOOL_CONVERSION = YES;
				CLANG_WARN_CONSTANT_CONVERSION = YES;
				CLANG_WARN_DIRECT_OBJC_ISA_USAGE = YES_ERROR;
				CLANG_WARN_DOCUMENTATION_COMMENTS = YES;
				CLANG_WARN_EMPTY_BODY = YES;
				CLANG_WARN_ENUM_CONVERSION = YES;
				CLANG_WARN_INFINITE_RECURSION = YES;
				CLANG_WARN_INT_CONVERSION = YES;
				CLANG_WARN_OBJC_ROOT_CLASS = YES_ERROR;
				CLANG_WARN_SUSPICIOUS_MOVES = YES;
				CLANG_WARN_UNREACHABLE_CODE = YES;
				CLANG_WARN__DUPLICATE_METHOD_MATCH = YES;
				"CODE_SIGN_IDENTITY[sdk=iphoneos*]" = "iPhone Developer";
				COPY_PHASE_STRIP = NO;
				DEBUG_INFORMATION_FORMAT = "dwarf-with-dsym";
				ENABLE_NS_ASSERTIONS = NO;
				ENABLE_STRICT_OBJC_MSGSEND = YES;
				GCC_C_LANGUAGE_STANDARD = gnu99;
				GCC_NO_COMMON_BLOCKS = YES;
				GCC_WARN_64_TO_32_BIT_CONVERSION = YES;
				GCC_WARN_ABOUT_RETURN_TYPE = YES_ERROR;
				GCC_WARN_UNDECLARED_SELECTOR = YES;
				GCC_WARN_UNINITIALIZED_AUTOS = YES_AGGRESSIVE;
				GCC_WARN_UNUSED_FUNCTION = YES;
				GCC_WARN_UNUSED_VARIABLE = YES;
				IPHONEOS_DEPLOYMENT_TARGET = 10.0;
				MTL_ENABLE_DEBUG_INFO = NO;
				SDKROOT = iphoneos;
				SWIFT_OPTIMIZATION_LEVEL = "-Owholemodule";
				SWIFT_VERSION = 2.3;
				VALIDATE_PRODUCT = YES;
			};
			name = Release;
		};
		393F1A131DA2C89300A903DF /* Debug */ = {
			isa = XCBuildConfiguration;
			buildSettings = {
				ASSETCATALOG_COMPILER_APPICON_NAME = AppIcon;
				"CODE_SIGN_IDENTITY[sdk=iphoneos*]" = "iPhone Developer";
				DEVELOPMENT_TEAM = BF7URC6ZPU;
				INFOPLIST_FILE = StreamIt/Info.plist;
				LD_RUNPATH_SEARCH_PATHS = "$(inherited) @executable_path/Frameworks";
				PRODUCT_BUNDLE_IDENTIFIER = com.3004group.StreamIt;
				PRODUCT_NAME = "$(TARGET_NAME)";
				SWIFT_VERSION = 2.3;
			};
			name = Debug;
		};
		393F1A141DA2C89300A903DF /* Release */ = {
			isa = XCBuildConfiguration;
			buildSettings = {
				ASSETCATALOG_COMPILER_APPICON_NAME = AppIcon;
				"CODE_SIGN_IDENTITY[sdk=iphoneos*]" = "iPhone Developer";
				DEVELOPMENT_TEAM = BF7URC6ZPU;
				INFOPLIST_FILE = StreamIt/Info.plist;
				LD_RUNPATH_SEARCH_PATHS = "$(inherited) @executable_path/Frameworks";
				PRODUCT_BUNDLE_IDENTIFIER = com.3004group.StreamIt;
				PRODUCT_NAME = "$(TARGET_NAME)";
				SWIFT_VERSION = 2.3;
			};
			name = Release;
		};
/* End XCBuildConfiguration section */

/* Begin XCConfigurationList section */
		393F19FB1DA2C89100A903DF /* Build configuration list for PBXProject "StreamIt" */ = {
			isa = XCConfigurationList;
			buildConfigurations = (
				393F1A101DA2C89300A903DF /* Debug */,
				393F1A111DA2C89300A903DF /* Release */,
			);
			defaultConfigurationIsVisible = 0;
			defaultConfigurationName = Release;
		};
		393F1A121DA2C89300A903DF /* Build configuration list for PBXNativeTarget "StreamIt" */ = {
			isa = XCConfigurationList;
			buildConfigurations = (
				393F1A131DA2C89300A903DF /* Debug */,
				393F1A141DA2C89300A903DF /* Release */,
			);
			defaultConfigurationIsVisible = 0;
			defaultConfigurationName = Release;
		};
/* End XCConfigurationList section */
	};
	rootObject = 393F19F81DA2C89100A903DF /* Project object */;
}
