// !$*UTF8*$!
{
	archiveVersion = 1;
	classes = {
	};
	objectVersion = 46;
	objects = {

/* Begin PBXBuildFile section */
		3924E75F1DC7C12000B04C7F /* (null) in Sources */ = {isa = PBXBuildFile; };
		3924E7611DC7C1A600B04C7F /* (null) in Sources */ = {isa = PBXBuildFile; };
		3924E7631DC7C1D200B04C7F /* (null) in Sources */ = {isa = PBXBuildFile; };
		3924E7651DC7C20500B04C7F /* (null) in Sources */ = {isa = PBXBuildFile; };
		3924E7671DC7C22400B04C7F /* (null) in Sources */ = {isa = PBXBuildFile; };
		393F1A041DA2C89300A903DF /* AppDelegate.swift in Sources */ = {isa = PBXBuildFile; fileRef = 393F1A031DA2C89300A903DF /* AppDelegate.swift */; };
		393F1A061DA2C89300A903DF /* STInitialViewController.swift in Sources */ = {isa = PBXBuildFile; fileRef = 393F1A051DA2C89300A903DF /* STInitialViewController.swift */; };
		393F1A091DA2C89300A903DF /* Main.storyboard in Resources */ = {isa = PBXBuildFile; fileRef = 393F1A071DA2C89300A903DF /* Main.storyboard */; };
		393F1A0B1DA2C89300A903DF /* Assets.xcassets in Resources */ = {isa = PBXBuildFile; fileRef = 393F1A0A1DA2C89300A903DF /* Assets.xcassets */; };
		393F1A0E1DA2C89300A903DF /* LaunchScreen.storyboard in Resources */ = {isa = PBXBuildFile; fileRef = 393F1A0C1DA2C89300A903DF /* LaunchScreen.storyboard */; };
		39E308CE1DD63E2F00A1EA89 /* NSLayoutConstraint+StreamIt.swift in Sources */ = {isa = PBXBuildFile; fileRef = 39E308C81DD63E2F00A1EA89 /* NSLayoutConstraint+StreamIt.swift */; };
		39E308CF1DD63E2F00A1EA89 /* UIButton+StreamIt.swift in Sources */ = {isa = PBXBuildFile; fileRef = 39E308C91DD63E2F00A1EA89 /* UIButton+StreamIt.swift */; };
		39E308D01DD63E2F00A1EA89 /* UIColor+StreamIt.swift in Sources */ = {isa = PBXBuildFile; fileRef = 39E308CA1DD63E2F00A1EA89 /* UIColor+StreamIt.swift */; };
		39E308D11DD63E2F00A1EA89 /* UIImageView+StreamIt.swift in Sources */ = {isa = PBXBuildFile; fileRef = 39E308CB1DD63E2F00A1EA89 /* UIImageView+StreamIt.swift */; };
		39E308D21DD63E2F00A1EA89 /* UILabel+StreamIt.swift in Sources */ = {isa = PBXBuildFile; fileRef = 39E308CC1DD63E2F00A1EA89 /* UILabel+StreamIt.swift */; };
		39E308D31DD63E2F00A1EA89 /* UIView+StreamIt.swift in Sources */ = {isa = PBXBuildFile; fileRef = 39E308CD1DD63E2F00A1EA89 /* UIView+StreamIt.swift */; };
		39E308D61DD6425700A1EA89 /* STGenericCardView.swift in Sources */ = {isa = PBXBuildFile; fileRef = 39E308D51DD6425700A1EA89 /* STGenericCardView.swift */; };
		39E308D81DD6447900A1EA89 /* STInitialController.swift in Sources */ = {isa = PBXBuildFile; fileRef = 39E308D71DD6447900A1EA89 /* STInitialController.swift */; };
		39E308DB1DD644B700A1EA89 /* STBonjourManager.swift in Sources */ = {isa = PBXBuildFile; fileRef = 39E308DA1DD644B700A1EA89 /* STBonjourManager.swift */; };
		39E308E51DD6461400A1EA89 /* STCommon.h in Headers */ = {isa = PBXBuildFile; fileRef = 39E308E31DD6461400A1EA89 /* STCommon.h */; settings = {ATTRIBUTES = (Public, ); }; };
		39E308E81DD6461400A1EA89 /* STCommon.framework in Frameworks */ = {isa = PBXBuildFile; fileRef = 39E308E11DD6461400A1EA89 /* STCommon.framework */; };
		39E308E91DD6461400A1EA89 /* STCommon.framework in Embed Frameworks */ = {isa = PBXBuildFile; fileRef = 39E308E11DD6461400A1EA89 /* STCommon.framework */; settings = {ATTRIBUTES = (CodeSignOnCopy, RemoveHeadersOnCopy, ); }; };
		39E308EE1DD6463900A1EA89 /* STConstants.swift in Sources */ = {isa = PBXBuildFile; fileRef = 39E308ED1DD6463900A1EA89 /* STConstants.swift */; };
		3C2EB1891DD50F09000CC7FD /* STDatabase.framework in Frameworks */ = {isa = PBXBuildFile; fileRef = 3C2EB1801DD50F09000CC7FD /* STDatabase.framework */; };
		3C2EB1901DD50F09000CC7FD /* STDatabaseTests.swift in Sources */ = {isa = PBXBuildFile; fileRef = 3C2EB18F1DD50F09000CC7FD /* STDatabaseTests.swift */; };
		3C2EB1921DD50F09000CC7FD /* STDatabase.h in Headers */ = {isa = PBXBuildFile; fileRef = 3C2EB1821DD50F09000CC7FD /* STDatabase.h */; settings = {ATTRIBUTES = (Public, ); }; };
		3C2EB1951DD50F09000CC7FD /* STDatabase.framework in Frameworks */ = {isa = PBXBuildFile; fileRef = 3C2EB1801DD50F09000CC7FD /* STDatabase.framework */; };
		3C2EB1961DD50F09000CC7FD /* STDatabase.framework in Embed Frameworks */ = {isa = PBXBuildFile; fileRef = 3C2EB1801DD50F09000CC7FD /* STDatabase.framework */; settings = {ATTRIBUTES = (CodeSignOnCopy, RemoveHeadersOnCopy, ); }; };
		3C2EB19F1DD51C24000CC7FD /* STClients.swift in Sources */ = {isa = PBXBuildFile; fileRef = 3C2EB19E1DD51C24000CC7FD /* STClients.swift */; };
		3C2EB1A11DD51C44000CC7FD /* STPosts.swift in Sources */ = {isa = PBXBuildFile; fileRef = 3C2EB1A01DD51C44000CC7FD /* STPosts.swift */; };
		3C2EB1A31DD51C92000CC7FD /* STSession.swift in Sources */ = {isa = PBXBuildFile; fileRef = 3C2EB1A21DD51C92000CC7FD /* STSession.swift */; };
		4D5F6453F9A2231BBDB81254 /* Pods_STDatabase.framework in Frameworks */ = {isa = PBXBuildFile; fileRef = B8CA2CF1F9612C525051D598 /* Pods_STDatabase.framework */; };
		708623D01DD65F3E006550DA /* STHTTPServer.framework in Frameworks */ = {isa = PBXBuildFile; fileRef = 708623C71DD65F3E006550DA /* STHTTPServer.framework */; };
		708623D71DD65F3E006550DA /* STHTTPServerTests.swift in Sources */ = {isa = PBXBuildFile; fileRef = 708623D61DD65F3E006550DA /* STHTTPServerTests.swift */; };
		708623D91DD65F3E006550DA /* STHTTPServer.h in Headers */ = {isa = PBXBuildFile; fileRef = 708623C91DD65F3E006550DA /* STHTTPServer.h */; settings = {ATTRIBUTES = (Public, ); }; };
		708623DC1DD65F3E006550DA /* STHTTPServer.framework in Frameworks */ = {isa = PBXBuildFile; fileRef = 708623C71DD65F3E006550DA /* STHTTPServer.framework */; };
		708623DD1DD65F3E006550DA /* STHTTPServer.framework in Embed Frameworks */ = {isa = PBXBuildFile; fileRef = 708623C71DD65F3E006550DA /* STHTTPServer.framework */; settings = {ATTRIBUTES = (CodeSignOnCopy, RemoveHeadersOnCopy, ); }; };
		708623E51DD6608B006550DA /* STWebServer.swift in Sources */ = {isa = PBXBuildFile; fileRef = 708623E41DD6608B006550DA /* STWebServer.swift */; };
		708623E61DD687AC006550DA /* STCommon.framework in Frameworks */ = {isa = PBXBuildFile; fileRef = 39E308E11DD6461400A1EA89 /* STCommon.framework */; };
		708623E81DD7A9E6006550DA /* STRouter.swift in Sources */ = {isa = PBXBuildFile; fileRef = 708623E71DD7A9E6006550DA /* STRouter.swift */; };
		79D8B8F55D5C3D11107972E4 /* Pods_StreamIt.framework in Frameworks */ = {isa = PBXBuildFile; fileRef = 3E9B9EFD18A08555125E8EBB /* Pods_StreamIt.framework */; };
/* End PBXBuildFile section */

/* Begin PBXContainerItemProxy section */
		39E308E61DD6461400A1EA89 /* PBXContainerItemProxy */ = {
			isa = PBXContainerItemProxy;
			containerPortal = 393F19F81DA2C89100A903DF /* Project object */;
			proxyType = 1;
			remoteGlobalIDString = 39E308E01DD6461400A1EA89;
			remoteInfo = STCommon;
		};
		3C2EB18A1DD50F09000CC7FD /* PBXContainerItemProxy */ = {
			isa = PBXContainerItemProxy;
			containerPortal = 393F19F81DA2C89100A903DF /* Project object */;
			proxyType = 1;
			remoteGlobalIDString = 3C2EB17F1DD50F09000CC7FD;
			remoteInfo = STDatabase;
		};
		3C2EB18C1DD50F09000CC7FD /* PBXContainerItemProxy */ = {
			isa = PBXContainerItemProxy;
			containerPortal = 393F19F81DA2C89100A903DF /* Project object */;
			proxyType = 1;
			remoteGlobalIDString = 393F19FF1DA2C89100A903DF;
			remoteInfo = StreamIt;
		};
		3C2EB1931DD50F09000CC7FD /* PBXContainerItemProxy */ = {
			isa = PBXContainerItemProxy;
			containerPortal = 393F19F81DA2C89100A903DF /* Project object */;
			proxyType = 1;
			remoteGlobalIDString = 3C2EB17F1DD50F09000CC7FD;
			remoteInfo = STDatabase;
		};
		708623D11DD65F3E006550DA /* PBXContainerItemProxy */ = {
			isa = PBXContainerItemProxy;
			containerPortal = 393F19F81DA2C89100A903DF /* Project object */;
			proxyType = 1;
			remoteGlobalIDString = 708623C61DD65F3E006550DA;
			remoteInfo = STHTTPServer;
		};
		708623D31DD65F3E006550DA /* PBXContainerItemProxy */ = {
			isa = PBXContainerItemProxy;
			containerPortal = 393F19F81DA2C89100A903DF /* Project object */;
			proxyType = 1;
			remoteGlobalIDString = 393F19FF1DA2C89100A903DF;
			remoteInfo = StreamIt;
		};
		708623DA1DD65F3E006550DA /* PBXContainerItemProxy */ = {
			isa = PBXContainerItemProxy;
			containerPortal = 393F19F81DA2C89100A903DF /* Project object */;
			proxyType = 1;
			remoteGlobalIDString = 708623C61DD65F3E006550DA;
			remoteInfo = STHTTPServer;
		};
/* End PBXContainerItemProxy section */

/* Begin PBXCopyFilesBuildPhase section */
		3C2EB19C1DD50F09000CC7FD /* Embed Frameworks */ = {
			isa = PBXCopyFilesBuildPhase;
			buildActionMask = 2147483647;
			dstPath = "";
			dstSubfolderSpec = 10;
			files = (
				39E308E91DD6461400A1EA89 /* STCommon.framework in Embed Frameworks */,
				3C2EB1961DD50F09000CC7FD /* STDatabase.framework in Embed Frameworks */,
				708623DD1DD65F3E006550DA /* STHTTPServer.framework in Embed Frameworks */,
			);
			name = "Embed Frameworks";
			runOnlyForDeploymentPostprocessing = 0;
		};
/* End PBXCopyFilesBuildPhase section */

/* Begin PBXFileReference section */
		02A8A0A53E8F62ED8529D30A /* Pods-STDatabase.debug.xcconfig */ = {isa = PBXFileReference; includeInIndex = 1; lastKnownFileType = text.xcconfig; name = "Pods-STDatabase.debug.xcconfig"; path = "Pods/Target Support Files/Pods-STDatabase/Pods-STDatabase.debug.xcconfig"; sourceTree = "<group>"; };
		03B58E1686C9AF79351AAF8C /* Pods-STDatabase.release.xcconfig */ = {isa = PBXFileReference; includeInIndex = 1; lastKnownFileType = text.xcconfig; name = "Pods-STDatabase.release.xcconfig"; path = "Pods/Target Support Files/Pods-STDatabase/Pods-STDatabase.release.xcconfig"; sourceTree = "<group>"; };
		240769C53614FF9171833D7E /* Pods-STHTTPServer.release.xcconfig */ = {isa = PBXFileReference; includeInIndex = 1; lastKnownFileType = text.xcconfig; name = "Pods-STHTTPServer.release.xcconfig"; path = "Pods/Target Support Files/Pods-STHTTPServer/Pods-STHTTPServer.release.xcconfig"; sourceTree = "<group>"; };
		393F1A001DA2C89300A903DF /* StreamIt.app */ = {isa = PBXFileReference; explicitFileType = wrapper.application; includeInIndex = 0; path = StreamIt.app; sourceTree = BUILT_PRODUCTS_DIR; };
		393F1A031DA2C89300A903DF /* AppDelegate.swift */ = {isa = PBXFileReference; lastKnownFileType = sourcecode.swift; path = AppDelegate.swift; sourceTree = "<group>"; };
		393F1A051DA2C89300A903DF /* STInitialViewController.swift */ = {isa = PBXFileReference; lastKnownFileType = sourcecode.swift; path = STInitialViewController.swift; sourceTree = "<group>"; };
		393F1A081DA2C89300A903DF /* Base */ = {isa = PBXFileReference; lastKnownFileType = file.storyboard; name = Base; path = Base.lproj/Main.storyboard; sourceTree = "<group>"; };
		393F1A0A1DA2C89300A903DF /* Assets.xcassets */ = {isa = PBXFileReference; lastKnownFileType = folder.assetcatalog; path = Assets.xcassets; sourceTree = "<group>"; };
		393F1A0D1DA2C89300A903DF /* Base */ = {isa = PBXFileReference; lastKnownFileType = file.storyboard; name = Base; path = Base.lproj/LaunchScreen.storyboard; sourceTree = "<group>"; };
		393F1A0F1DA2C89300A903DF /* Info.plist */ = {isa = PBXFileReference; lastKnownFileType = text.plist.xml; path = Info.plist; sourceTree = "<group>"; };
		39E308C81DD63E2F00A1EA89 /* NSLayoutConstraint+StreamIt.swift */ = {isa = PBXFileReference; fileEncoding = 4; lastKnownFileType = sourcecode.swift; path = "NSLayoutConstraint+StreamIt.swift"; sourceTree = "<group>"; };
		39E308C91DD63E2F00A1EA89 /* UIButton+StreamIt.swift */ = {isa = PBXFileReference; fileEncoding = 4; lastKnownFileType = sourcecode.swift; path = "UIButton+StreamIt.swift"; sourceTree = "<group>"; };
		39E308CA1DD63E2F00A1EA89 /* UIColor+StreamIt.swift */ = {isa = PBXFileReference; fileEncoding = 4; lastKnownFileType = sourcecode.swift; path = "UIColor+StreamIt.swift"; sourceTree = "<group>"; };
		39E308CB1DD63E2F00A1EA89 /* UIImageView+StreamIt.swift */ = {isa = PBXFileReference; fileEncoding = 4; lastKnownFileType = sourcecode.swift; path = "UIImageView+StreamIt.swift"; sourceTree = "<group>"; };
		39E308CC1DD63E2F00A1EA89 /* UILabel+StreamIt.swift */ = {isa = PBXFileReference; fileEncoding = 4; lastKnownFileType = sourcecode.swift; path = "UILabel+StreamIt.swift"; sourceTree = "<group>"; };
		39E308CD1DD63E2F00A1EA89 /* UIView+StreamIt.swift */ = {isa = PBXFileReference; fileEncoding = 4; lastKnownFileType = sourcecode.swift; path = "UIView+StreamIt.swift"; sourceTree = "<group>"; };
		39E308D51DD6425700A1EA89 /* STGenericCardView.swift */ = {isa = PBXFileReference; fileEncoding = 4; lastKnownFileType = sourcecode.swift; path = STGenericCardView.swift; sourceTree = "<group>"; };
		39E308D71DD6447900A1EA89 /* STInitialController.swift */ = {isa = PBXFileReference; fileEncoding = 4; lastKnownFileType = sourcecode.swift; path = STInitialController.swift; sourceTree = "<group>"; };
		39E308DA1DD644B700A1EA89 /* STBonjourManager.swift */ = {isa = PBXFileReference; fileEncoding = 4; lastKnownFileType = sourcecode.swift; path = STBonjourManager.swift; sourceTree = "<group>"; };
		39E308E11DD6461400A1EA89 /* STCommon.framework */ = {isa = PBXFileReference; explicitFileType = wrapper.framework; includeInIndex = 0; path = STCommon.framework; sourceTree = BUILT_PRODUCTS_DIR; };
		39E308E31DD6461400A1EA89 /* STCommon.h */ = {isa = PBXFileReference; lastKnownFileType = sourcecode.c.h; path = STCommon.h; sourceTree = "<group>"; };
		39E308E41DD6461400A1EA89 /* Info.plist */ = {isa = PBXFileReference; lastKnownFileType = text.plist.xml; path = Info.plist; sourceTree = "<group>"; };
		39E308ED1DD6463900A1EA89 /* STConstants.swift */ = {isa = PBXFileReference; fileEncoding = 4; lastKnownFileType = sourcecode.swift; path = STConstants.swift; sourceTree = "<group>"; };
		3C2EB1801DD50F09000CC7FD /* STDatabase.framework */ = {isa = PBXFileReference; explicitFileType = wrapper.framework; includeInIndex = 0; path = STDatabase.framework; sourceTree = BUILT_PRODUCTS_DIR; };
		3C2EB1821DD50F09000CC7FD /* STDatabase.h */ = {isa = PBXFileReference; lastKnownFileType = sourcecode.c.h; path = STDatabase.h; sourceTree = "<group>"; };
		3C2EB1831DD50F09000CC7FD /* Info.plist */ = {isa = PBXFileReference; lastKnownFileType = text.plist.xml; path = Info.plist; sourceTree = "<group>"; };
		3C2EB1881DD50F09000CC7FD /* STDatabaseTests.xctest */ = {isa = PBXFileReference; explicitFileType = wrapper.cfbundle; includeInIndex = 0; path = STDatabaseTests.xctest; sourceTree = BUILT_PRODUCTS_DIR; };
		3C2EB18F1DD50F09000CC7FD /* STDatabaseTests.swift */ = {isa = PBXFileReference; lastKnownFileType = sourcecode.swift; path = STDatabaseTests.swift; sourceTree = "<group>"; };
		3C2EB1911DD50F09000CC7FD /* Info.plist */ = {isa = PBXFileReference; lastKnownFileType = text.plist.xml; path = Info.plist; sourceTree = "<group>"; };
		3C2EB19E1DD51C24000CC7FD /* STClients.swift */ = {isa = PBXFileReference; fileEncoding = 4; lastKnownFileType = sourcecode.swift; path = STClients.swift; sourceTree = "<group>"; };
		3C2EB1A01DD51C44000CC7FD /* STPosts.swift */ = {isa = PBXFileReference; fileEncoding = 4; lastKnownFileType = sourcecode.swift; path = STPosts.swift; sourceTree = "<group>"; };
		3C2EB1A21DD51C92000CC7FD /* STSession.swift */ = {isa = PBXFileReference; fileEncoding = 4; lastKnownFileType = sourcecode.swift; path = STSession.swift; sourceTree = "<group>"; };
		3E9B9EFD18A08555125E8EBB /* Pods_StreamIt.framework */ = {isa = PBXFileReference; explicitFileType = wrapper.framework; includeInIndex = 0; path = Pods_StreamIt.framework; sourceTree = BUILT_PRODUCTS_DIR; };
		68E9F728CAFD55A632C93820 /* Pods-StreamIt.debug.xcconfig */ = {isa = PBXFileReference; includeInIndex = 1; lastKnownFileType = text.xcconfig; name = "Pods-StreamIt.debug.xcconfig"; path = "Pods/Target Support Files/Pods-StreamIt/Pods-StreamIt.debug.xcconfig"; sourceTree = "<group>"; };
		708623C71DD65F3E006550DA /* STHTTPServer.framework */ = {isa = PBXFileReference; explicitFileType = wrapper.framework; includeInIndex = 0; path = STHTTPServer.framework; sourceTree = BUILT_PRODUCTS_DIR; };
		708623C91DD65F3E006550DA /* STHTTPServer.h */ = {isa = PBXFileReference; lastKnownFileType = sourcecode.c.h; path = STHTTPServer.h; sourceTree = "<group>"; };
		708623CA1DD65F3E006550DA /* Info.plist */ = {isa = PBXFileReference; lastKnownFileType = text.plist.xml; path = Info.plist; sourceTree = "<group>"; };
		708623CF1DD65F3E006550DA /* STHTTPServerTests.xctest */ = {isa = PBXFileReference; explicitFileType = wrapper.cfbundle; includeInIndex = 0; path = STHTTPServerTests.xctest; sourceTree = BUILT_PRODUCTS_DIR; };
		708623D61DD65F3E006550DA /* STHTTPServerTests.swift */ = {isa = PBXFileReference; lastKnownFileType = sourcecode.swift; path = STHTTPServerTests.swift; sourceTree = "<group>"; };
		708623D81DD65F3E006550DA /* Info.plist */ = {isa = PBXFileReference; lastKnownFileType = text.plist.xml; path = Info.plist; sourceTree = "<group>"; };
		708623E41DD6608B006550DA /* STWebServer.swift */ = {isa = PBXFileReference; fileEncoding = 4; lastKnownFileType = sourcecode.swift; path = STWebServer.swift; sourceTree = "<group>"; };
		708623E71DD7A9E6006550DA /* STRouter.swift */ = {isa = PBXFileReference; fileEncoding = 4; lastKnownFileType = sourcecode.swift; path = STRouter.swift; sourceTree = "<group>"; };
		8DB6AA38F34DCB4587513AD0 /* Pods-StreamIt.release.xcconfig */ = {isa = PBXFileReference; includeInIndex = 1; lastKnownFileType = text.xcconfig; name = "Pods-StreamIt.release.xcconfig"; path = "Pods/Target Support Files/Pods-StreamIt/Pods-StreamIt.release.xcconfig"; sourceTree = "<group>"; };
		A41EFE0D40DDF8E25B2AE602 /* Pods_STHTTPServer.framework */ = {isa = PBXFileReference; explicitFileType = wrapper.framework; includeInIndex = 0; path = Pods_STHTTPServer.framework; sourceTree = BUILT_PRODUCTS_DIR; };
		AE093ACA7BA9954100D3697B /* Pods-STHTTPServer.debug.xcconfig */ = {isa = PBXFileReference; includeInIndex = 1; lastKnownFileType = text.xcconfig; name = "Pods-STHTTPServer.debug.xcconfig"; path = "Pods/Target Support Files/Pods-STHTTPServer/Pods-STHTTPServer.debug.xcconfig"; sourceTree = "<group>"; };
		B8CA2CF1F9612C525051D598 /* Pods_STDatabase.framework */ = {isa = PBXFileReference; explicitFileType = wrapper.framework; includeInIndex = 0; path = Pods_STDatabase.framework; sourceTree = BUILT_PRODUCTS_DIR; };
/* End PBXFileReference section */

/* Begin PBXFrameworksBuildPhase section */
		393F19FD1DA2C89100A903DF /* Frameworks */ = {
			isa = PBXFrameworksBuildPhase;
			buildActionMask = 2147483647;
			files = (
				708623DC1DD65F3E006550DA /* STHTTPServer.framework in Frameworks */,
				3C2EB1951DD50F09000CC7FD /* STDatabase.framework in Frameworks */,
				79D8B8F55D5C3D11107972E4 /* Pods_StreamIt.framework in Frameworks */,
				39E308E81DD6461400A1EA89 /* STCommon.framework in Frameworks */,
			);
			runOnlyForDeploymentPostprocessing = 0;
		};
		39E308DD1DD6461400A1EA89 /* Frameworks */ = {
			isa = PBXFrameworksBuildPhase;
			buildActionMask = 2147483647;
			files = (
			);
			runOnlyForDeploymentPostprocessing = 0;
		};
		3C2EB17C1DD50F09000CC7FD /* Frameworks */ = {
			isa = PBXFrameworksBuildPhase;
			buildActionMask = 2147483647;
			files = (
				4D5F6453F9A2231BBDB81254 /* Pods_STDatabase.framework in Frameworks */,
			);
			runOnlyForDeploymentPostprocessing = 0;
		};
		3C2EB1851DD50F09000CC7FD /* Frameworks */ = {
			isa = PBXFrameworksBuildPhase;
			buildActionMask = 2147483647;
			files = (
				3C2EB1891DD50F09000CC7FD /* STDatabase.framework in Frameworks */,
			);
			runOnlyForDeploymentPostprocessing = 0;
		};
		708623C31DD65F3E006550DA /* Frameworks */ = {
			isa = PBXFrameworksBuildPhase;
			buildActionMask = 2147483647;
			files = (
				708623E61DD687AC006550DA /* STCommon.framework in Frameworks */,
			);
			runOnlyForDeploymentPostprocessing = 0;
		};
		708623CC1DD65F3E006550DA /* Frameworks */ = {
			isa = PBXFrameworksBuildPhase;
			buildActionMask = 2147483647;
			files = (
				708623D01DD65F3E006550DA /* STHTTPServer.framework in Frameworks */,
			);
			runOnlyForDeploymentPostprocessing = 0;
		};
/* End PBXFrameworksBuildPhase section */

/* Begin PBXGroup section */
		3924E75C1DC7C0FA00B04C7F /* Util */ = {
			isa = PBXGroup;
			children = (
				3924E75D1DC7C10100B04C7F /* UIKit Extensions */,
			);
			name = Util;
			sourceTree = "<group>";
		};
		3924E75D1DC7C10100B04C7F /* UIKit Extensions */ = {
			isa = PBXGroup;
			children = (
				39E308C81DD63E2F00A1EA89 /* NSLayoutConstraint+StreamIt.swift */,
				39E308C91DD63E2F00A1EA89 /* UIButton+StreamIt.swift */,
				39E308CA1DD63E2F00A1EA89 /* UIColor+StreamIt.swift */,
				39E308CB1DD63E2F00A1EA89 /* UIImageView+StreamIt.swift */,
				39E308CC1DD63E2F00A1EA89 /* UILabel+StreamIt.swift */,
				39E308CD1DD63E2F00A1EA89 /* UIView+StreamIt.swift */,
			);
			name = "UIKit Extensions";
			sourceTree = "<group>";
		};
		3924E7681DC7C7BD00B04C7F /* Root UI */ = {
			isa = PBXGroup;
			children = (
				393F1A051DA2C89300A903DF /* STInitialViewController.swift */,
				39E308D71DD6447900A1EA89 /* STInitialController.swift */,
			);
			name = "Root UI";
			sourceTree = "<group>";
		};
		3924E7691DC7C7D200B04C7F /* Supporting Files */ = {
			isa = PBXGroup;
			children = (
				393F1A0F1DA2C89300A903DF /* Info.plist */,
				393F1A0C1DA2C89300A903DF /* LaunchScreen.storyboard */,
				393F1A071DA2C89300A903DF /* Main.storyboard */,
			);
			name = "Supporting Files";
			sourceTree = "<group>";
		};
		393F19F71DA2C89100A903DF = {
			isa = PBXGroup;
			children = (
				393F1A021DA2C89300A903DF /* StreamIt */,
				3C2EB1811DD50F09000CC7FD /* STDatabase */,
				3C2EB18E1DD50F09000CC7FD /* STDatabaseTests */,
				39E308E21DD6461400A1EA89 /* STCommon */,
				708623C81DD65F3E006550DA /* STHTTPServer */,
				708623D51DD65F3E006550DA /* STHTTPServerTests */,
				393F1A011DA2C89300A903DF /* Products */,
				FBF52ECC09629873CDBD2D64 /* Pods */,
				45C3F2BFD8DE9309C3229143 /* Frameworks */,
			);
			sourceTree = "<group>";
		};
		393F1A011DA2C89300A903DF /* Products */ = {
			isa = PBXGroup;
			children = (
				393F1A001DA2C89300A903DF /* StreamIt.app */,
				3C2EB1801DD50F09000CC7FD /* STDatabase.framework */,
				3C2EB1881DD50F09000CC7FD /* STDatabaseTests.xctest */,
				39E308E11DD6461400A1EA89 /* STCommon.framework */,
				708623C71DD65F3E006550DA /* STHTTPServer.framework */,
				708623CF1DD65F3E006550DA /* STHTTPServerTests.xctest */,
			);
			name = Products;
			sourceTree = "<group>";
		};
		393F1A021DA2C89300A903DF /* StreamIt */ = {
			isa = PBXGroup;
			children = (
				393F1A031DA2C89300A903DF /* AppDelegate.swift */,
				3924E7681DC7C7BD00B04C7F /* Root UI */,
				39E308D41DD6424300A1EA89 /* Common Views */,
				39E308D91DD6447F00A1EA89 /* Bonjour */,
				3924E75C1DC7C0FA00B04C7F /* Util */,
				3924E7691DC7C7D200B04C7F /* Supporting Files */,
				393F1A0A1DA2C89300A903DF /* Assets.xcassets */,
			);
			path = StreamIt;
			sourceTree = "<group>";
		};
		39E308D41DD6424300A1EA89 /* Common Views */ = {
			isa = PBXGroup;
			children = (
				39E308D51DD6425700A1EA89 /* STGenericCardView.swift */,
			);
			name = "Common Views";
			sourceTree = "<group>";
		};
		39E308D91DD6447F00A1EA89 /* Bonjour */ = {
			isa = PBXGroup;
			children = (
				39E308DA1DD644B700A1EA89 /* STBonjourManager.swift */,
			);
			name = Bonjour;
			sourceTree = "<group>";
		};
		39E308E21DD6461400A1EA89 /* STCommon */ = {
			isa = PBXGroup;
			children = (
				39E308E31DD6461400A1EA89 /* STCommon.h */,
				39E308E41DD6461400A1EA89 /* Info.plist */,
				39E308ED1DD6463900A1EA89 /* STConstants.swift */,
			);
			path = STCommon;
			sourceTree = "<group>";
		};
		3C2EB1811DD50F09000CC7FD /* STDatabase */ = {
			isa = PBXGroup;
			children = (
				3C2EB1821DD50F09000CC7FD /* STDatabase.h */,
				3C2EB19E1DD51C24000CC7FD /* STClients.swift */,
				3C2EB1A01DD51C44000CC7FD /* STPosts.swift */,
				3C2EB1A21DD51C92000CC7FD /* STSession.swift */,
				3C2EB1831DD50F09000CC7FD /* Info.plist */,
			);
			path = STDatabase;
			sourceTree = "<group>";
		};
		3C2EB18E1DD50F09000CC7FD /* STDatabaseTests */ = {
			isa = PBXGroup;
			children = (
				3C2EB18F1DD50F09000CC7FD /* STDatabaseTests.swift */,
				3C2EB1911DD50F09000CC7FD /* Info.plist */,
			);
			path = STDatabaseTests;
			sourceTree = "<group>";
		};
		45C3F2BFD8DE9309C3229143 /* Frameworks */ = {
			isa = PBXGroup;
			children = (
				3E9B9EFD18A08555125E8EBB /* Pods_StreamIt.framework */,
				B8CA2CF1F9612C525051D598 /* Pods_STDatabase.framework */,
				A41EFE0D40DDF8E25B2AE602 /* Pods_STHTTPServer.framework */,
			);
			name = Frameworks;
			sourceTree = "<group>";
		};
		708623C81DD65F3E006550DA /* STHTTPServer */ = {
			isa = PBXGroup;
			children = (
				708623C91DD65F3E006550DA /* STHTTPServer.h */,
				708623CA1DD65F3E006550DA /* Info.plist */,
				708623E41DD6608B006550DA /* STWebServer.swift */,
				708623E71DD7A9E6006550DA /* STRouter.swift */,
			);
			path = STHTTPServer;
			sourceTree = "<group>";
		};
		708623D51DD65F3E006550DA /* STHTTPServerTests */ = {
			isa = PBXGroup;
			children = (
				708623D61DD65F3E006550DA /* STHTTPServerTests.swift */,
				708623D81DD65F3E006550DA /* Info.plist */,
			);
			path = STHTTPServerTests;
			sourceTree = "<group>";
		};
		FBF52ECC09629873CDBD2D64 /* Pods */ = {
			isa = PBXGroup;
			children = (
				68E9F728CAFD55A632C93820 /* Pods-StreamIt.debug.xcconfig */,
				8DB6AA38F34DCB4587513AD0 /* Pods-StreamIt.release.xcconfig */,
				02A8A0A53E8F62ED8529D30A /* Pods-STDatabase.debug.xcconfig */,
				03B58E1686C9AF79351AAF8C /* Pods-STDatabase.release.xcconfig */,
				AE093ACA7BA9954100D3697B /* Pods-STHTTPServer.debug.xcconfig */,
				240769C53614FF9171833D7E /* Pods-STHTTPServer.release.xcconfig */,
			);
			name = Pods;
			sourceTree = "<group>";
		};
/* End PBXGroup section */

/* Begin PBXHeadersBuildPhase section */
		39E308DE1DD6461400A1EA89 /* Headers */ = {
			isa = PBXHeadersBuildPhase;
			buildActionMask = 2147483647;
			files = (
				39E308E51DD6461400A1EA89 /* STCommon.h in Headers */,
			);
			runOnlyForDeploymentPostprocessing = 0;
		};
		3C2EB17D1DD50F09000CC7FD /* Headers */ = {
			isa = PBXHeadersBuildPhase;
			buildActionMask = 2147483647;
			files = (
				3C2EB1921DD50F09000CC7FD /* STDatabase.h in Headers */,
			);
			runOnlyForDeploymentPostprocessing = 0;
		};
		708623C41DD65F3E006550DA /* Headers */ = {
			isa = PBXHeadersBuildPhase;
			buildActionMask = 2147483647;
			files = (
				708623D91DD65F3E006550DA /* STHTTPServer.h in Headers */,
			);
			runOnlyForDeploymentPostprocessing = 0;
		};
/* End PBXHeadersBuildPhase section */

/* Begin PBXNativeTarget section */
		393F19FF1DA2C89100A903DF /* StreamIt */ = {
			isa = PBXNativeTarget;
			buildConfigurationList = 393F1A121DA2C89300A903DF /* Build configuration list for PBXNativeTarget "StreamIt" */;
			buildPhases = (
				AF2490B4D8CFAC950DEE2E28 /* [CP] Check Pods Manifest.lock */,
				393F19FC1DA2C89100A903DF /* Sources */,
				393F19FD1DA2C89100A903DF /* Frameworks */,
				393F19FE1DA2C89100A903DF /* Resources */,
				4806A162916514356AA11CA1 /* [CP] Embed Pods Frameworks */,
				F18798F7BF590D525F90197E /* [CP] Copy Pods Resources */,
				3C2EB19C1DD50F09000CC7FD /* Embed Frameworks */,
			);
			buildRules = (
			);
			dependencies = (
				3C2EB1941DD50F09000CC7FD /* PBXTargetDependency */,
				39E308E71DD6461400A1EA89 /* PBXTargetDependency */,
				708623DB1DD65F3E006550DA /* PBXTargetDependency */,
			);
			name = StreamIt;
			productName = StreamIt;
			productReference = 393F1A001DA2C89300A903DF /* StreamIt.app */;
			productType = "com.apple.product-type.application";
		};
		39E308E01DD6461400A1EA89 /* STCommon */ = {
			isa = PBXNativeTarget;
			buildConfigurationList = 39E308EA1DD6461400A1EA89 /* Build configuration list for PBXNativeTarget "STCommon" */;
			buildPhases = (
				39E308DC1DD6461400A1EA89 /* Sources */,
				39E308DD1DD6461400A1EA89 /* Frameworks */,
				39E308DE1DD6461400A1EA89 /* Headers */,
				39E308DF1DD6461400A1EA89 /* Resources */,
			);
			buildRules = (
			);
			dependencies = (
			);
			name = STCommon;
			productName = STCommon;
			productReference = 39E308E11DD6461400A1EA89 /* STCommon.framework */;
			productType = "com.apple.product-type.framework";
		};
		3C2EB17F1DD50F09000CC7FD /* STDatabase */ = {
			isa = PBXNativeTarget;
			buildConfigurationList = 3C2EB19B1DD50F09000CC7FD /* Build configuration list for PBXNativeTarget "STDatabase" */;
			buildPhases = (
				20EA0D43FC3B2E87D14951C2 /* [CP] Check Pods Manifest.lock */,
				3C2EB17B1DD50F09000CC7FD /* Sources */,
				3C2EB17C1DD50F09000CC7FD /* Frameworks */,
				3C2EB17D1DD50F09000CC7FD /* Headers */,
				3C2EB17E1DD50F09000CC7FD /* Resources */,
				78E7A9962A9D87921A73F73E /* [CP] Copy Pods Resources */,
			);
			buildRules = (
			);
			dependencies = (
			);
			name = STDatabase;
			productName = STDatabase;
			productReference = 3C2EB1801DD50F09000CC7FD /* STDatabase.framework */;
			productType = "com.apple.product-type.framework";
		};
		3C2EB1871DD50F09000CC7FD /* STDatabaseTests */ = {
			isa = PBXNativeTarget;
			buildConfigurationList = 3C2EB19D1DD50F09000CC7FD /* Build configuration list for PBXNativeTarget "STDatabaseTests" */;
			buildPhases = (
				3C2EB1841DD50F09000CC7FD /* Sources */,
				3C2EB1851DD50F09000CC7FD /* Frameworks */,
				3C2EB1861DD50F09000CC7FD /* Resources */,
			);
			buildRules = (
			);
			dependencies = (
				3C2EB18B1DD50F09000CC7FD /* PBXTargetDependency */,
				3C2EB18D1DD50F09000CC7FD /* PBXTargetDependency */,
			);
			name = STDatabaseTests;
			productName = STDatabaseTests;
			productReference = 3C2EB1881DD50F09000CC7FD /* STDatabaseTests.xctest */;
			productType = "com.apple.product-type.bundle.unit-test";
		};
		708623C61DD65F3E006550DA /* STHTTPServer */ = {
			isa = PBXNativeTarget;
			buildConfigurationList = 708623E21DD65F3E006550DA /* Build configuration list for PBXNativeTarget "STHTTPServer" */;
			buildPhases = (
				2ACF1C1E34F6980090CC27B9 /* [CP] Check Pods Manifest.lock */,
				708623C21DD65F3E006550DA /* Sources */,
				708623C31DD65F3E006550DA /* Frameworks */,
				708623C41DD65F3E006550DA /* Headers */,
				708623C51DD65F3E006550DA /* Resources */,
				873741411773186CD509DF8D /* [CP] Copy Pods Resources */,
			);
			buildRules = (
			);
			dependencies = (
			);
			name = STHTTPServer;
			productName = STHTTPServer;
			productReference = 708623C71DD65F3E006550DA /* STHTTPServer.framework */;
			productType = "com.apple.product-type.framework";
		};
		708623CE1DD65F3E006550DA /* STHTTPServerTests */ = {
			isa = PBXNativeTarget;
			buildConfigurationList = 708623E31DD65F3E006550DA /* Build configuration list for PBXNativeTarget "STHTTPServerTests" */;
			buildPhases = (
				708623CB1DD65F3E006550DA /* Sources */,
				708623CC1DD65F3E006550DA /* Frameworks */,
				708623CD1DD65F3E006550DA /* Resources */,
			);
			buildRules = (
			);
			dependencies = (
				708623D21DD65F3E006550DA /* PBXTargetDependency */,
				708623D41DD65F3E006550DA /* PBXTargetDependency */,
			);
			name = STHTTPServerTests;
			productName = STHTTPServerTests;
			productReference = 708623CF1DD65F3E006550DA /* STHTTPServerTests.xctest */;
			productType = "com.apple.product-type.bundle.unit-test";
		};
/* End PBXNativeTarget section */

/* Begin PBXProject section */
		393F19F81DA2C89100A903DF /* Project object */ = {
			isa = PBXProject;
			attributes = {
				LastSwiftUpdateCheck = 0810;
				LastUpgradeCheck = 0800;
				ORGANIZATIONNAME = 3004Group;
				TargetAttributes = {
					393F19FF1DA2C89100A903DF = {
						CreatedOnToolsVersion = 8.0;
						DevelopmentTeam = YWY79Y4UH2;
						ProvisioningStyle = Automatic;
					};
					39E308E01DD6461400A1EA89 = {
						CreatedOnToolsVersion = 8.1;
						DevelopmentTeam = BF7URC6ZPU;
						LastSwiftMigration = 0810;
						ProvisioningStyle = Automatic;
					};
					3C2EB17F1DD50F09000CC7FD = {
						CreatedOnToolsVersion = 8.1;
						LastSwiftMigration = 0810;
						ProvisioningStyle = Automatic;
					};
					3C2EB1871DD50F09000CC7FD = {
						CreatedOnToolsVersion = 8.1;
						ProvisioningStyle = Automatic;
						TestTargetID = 393F19FF1DA2C89100A903DF;
					};
					708623C61DD65F3E006550DA = {
						CreatedOnToolsVersion = 8.1;
						DevelopmentTeam = BF7URC6ZPU;
						LastSwiftMigration = 0810;
						ProvisioningStyle = Automatic;
					};
					708623CE1DD65F3E006550DA = {
						CreatedOnToolsVersion = 8.1;
						ProvisioningStyle = Automatic;
						TestTargetID = 393F19FF1DA2C89100A903DF;
					};
				};
			};
			buildConfigurationList = 393F19FB1DA2C89100A903DF /* Build configuration list for PBXProject "StreamIt" */;
			compatibilityVersion = "Xcode 3.2";
			developmentRegion = English;
			hasScannedForEncodings = 0;
			knownRegions = (
				en,
				Base,
			);
			mainGroup = 393F19F71DA2C89100A903DF;
			productRefGroup = 393F1A011DA2C89300A903DF /* Products */;
			projectDirPath = "";
			projectRoot = "";
			targets = (
				393F19FF1DA2C89100A903DF /* StreamIt */,
				3C2EB17F1DD50F09000CC7FD /* STDatabase */,
				3C2EB1871DD50F09000CC7FD /* STDatabaseTests */,
				39E308E01DD6461400A1EA89 /* STCommon */,
				708623C61DD65F3E006550DA /* STHTTPServer */,
				708623CE1DD65F3E006550DA /* STHTTPServerTests */,
			);
		};
/* End PBXProject section */

/* Begin PBXResourcesBuildPhase section */
		393F19FE1DA2C89100A903DF /* Resources */ = {
			isa = PBXResourcesBuildPhase;
			buildActionMask = 2147483647;
			files = (
				393F1A0E1DA2C89300A903DF /* LaunchScreen.storyboard in Resources */,
				393F1A0B1DA2C89300A903DF /* Assets.xcassets in Resources */,
				393F1A091DA2C89300A903DF /* Main.storyboard in Resources */,
			);
			runOnlyForDeploymentPostprocessing = 0;
		};
		39E308DF1DD6461400A1EA89 /* Resources */ = {
			isa = PBXResourcesBuildPhase;
			buildActionMask = 2147483647;
			files = (
			);
			runOnlyForDeploymentPostprocessing = 0;
		};
		3C2EB17E1DD50F09000CC7FD /* Resources */ = {
			isa = PBXResourcesBuildPhase;
			buildActionMask = 2147483647;
			files = (
			);
			runOnlyForDeploymentPostprocessing = 0;
		};
		3C2EB1861DD50F09000CC7FD /* Resources */ = {
			isa = PBXResourcesBuildPhase;
			buildActionMask = 2147483647;
			files = (
			);
			runOnlyForDeploymentPostprocessing = 0;
		};
		708623C51DD65F3E006550DA /* Resources */ = {
			isa = PBXResourcesBuildPhase;
			buildActionMask = 2147483647;
			files = (
			);
			runOnlyForDeploymentPostprocessing = 0;
		};
		708623CD1DD65F3E006550DA /* Resources */ = {
			isa = PBXResourcesBuildPhase;
			buildActionMask = 2147483647;
			files = (
			);
			runOnlyForDeploymentPostprocessing = 0;
		};
/* End PBXResourcesBuildPhase section */

/* Begin PBXShellScriptBuildPhase section */
		20EA0D43FC3B2E87D14951C2 /* [CP] Check Pods Manifest.lock */ = {
			isa = PBXShellScriptBuildPhase;
			buildActionMask = 2147483647;
			files = (
			);
			inputPaths = (
			);
			name = "[CP] Check Pods Manifest.lock";
			outputPaths = (
			);
			runOnlyForDeploymentPostprocessing = 0;
			shellPath = /bin/sh;
			shellScript = "diff \"${PODS_ROOT}/../Podfile.lock\" \"${PODS_ROOT}/Manifest.lock\" > /dev/null\nif [ $? != 0 ] ; then\n    # print error to STDERR\n    echo \"error: The sandbox is not in sync with the Podfile.lock. Run 'pod install' or update your CocoaPods installation.\" >&2\n    exit 1\nfi\n";
			showEnvVarsInLog = 0;
		};
		2ACF1C1E34F6980090CC27B9 /* [CP] Check Pods Manifest.lock */ = {
			isa = PBXShellScriptBuildPhase;
			buildActionMask = 2147483647;
			files = (
			);
			inputPaths = (
			);
			name = "[CP] Check Pods Manifest.lock";
			outputPaths = (
			);
			runOnlyForDeploymentPostprocessing = 0;
			shellPath = /bin/sh;
			shellScript = "diff \"${PODS_ROOT}/../Podfile.lock\" \"${PODS_ROOT}/Manifest.lock\" > /dev/null\nif [ $? != 0 ] ; then\n    # print error to STDERR\n    echo \"error: The sandbox is not in sync with the Podfile.lock. Run 'pod install' or update your CocoaPods installation.\" >&2\n    exit 1\nfi\n";
			showEnvVarsInLog = 0;
		};
		4806A162916514356AA11CA1 /* [CP] Embed Pods Frameworks */ = {
			isa = PBXShellScriptBuildPhase;
			buildActionMask = 2147483647;
			files = (
			);
			inputPaths = (
			);
			name = "[CP] Embed Pods Frameworks";
			outputPaths = (
			);
			runOnlyForDeploymentPostprocessing = 0;
			shellPath = /bin/sh;
			shellScript = "\"${SRCROOT}/Pods/Target Support Files/Pods-StreamIt/Pods-StreamIt-frameworks.sh\"\n";
			showEnvVarsInLog = 0;
		};
		78E7A9962A9D87921A73F73E /* [CP] Copy Pods Resources */ = {
			isa = PBXShellScriptBuildPhase;
			buildActionMask = 2147483647;
			files = (
			);
			inputPaths = (
			);
			name = "[CP] Copy Pods Resources";
			outputPaths = (
			);
			runOnlyForDeploymentPostprocessing = 0;
			shellPath = /bin/sh;
			shellScript = "\"${SRCROOT}/Pods/Target Support Files/Pods-STDatabase/Pods-STDatabase-resources.sh\"\n";
			showEnvVarsInLog = 0;
		};
		873741411773186CD509DF8D /* [CP] Copy Pods Resources */ = {
			isa = PBXShellScriptBuildPhase;
			buildActionMask = 2147483647;
			files = (
			);
			inputPaths = (
			);
			name = "[CP] Copy Pods Resources";
			outputPaths = (
			);
			runOnlyForDeploymentPostprocessing = 0;
			shellPath = /bin/sh;
			shellScript = "\"${SRCROOT}/Pods/Target Support Files/Pods-STHTTPServer/Pods-STHTTPServer-resources.sh\"\n";
			showEnvVarsInLog = 0;
		};
		AF2490B4D8CFAC950DEE2E28 /* [CP] Check Pods Manifest.lock */ = {
			isa = PBXShellScriptBuildPhase;
			buildActionMask = 2147483647;
			files = (
			);
			inputPaths = (
			);
			name = "[CP] Check Pods Manifest.lock";
			outputPaths = (
			);
			runOnlyForDeploymentPostprocessing = 0;
			shellPath = /bin/sh;
			shellScript = "diff \"${PODS_ROOT}/../Podfile.lock\" \"${PODS_ROOT}/Manifest.lock\" > /dev/null\nif [ $? != 0 ] ; then\n    # print error to STDERR\n    echo \"error: The sandbox is not in sync with the Podfile.lock. Run 'pod install' or update your CocoaPods installation.\" >&2\n    exit 1\nfi\n";
			showEnvVarsInLog = 0;
		};
		F18798F7BF590D525F90197E /* [CP] Copy Pods Resources */ = {
			isa = PBXShellScriptBuildPhase;
			buildActionMask = 2147483647;
			files = (
			);
			inputPaths = (
			);
			name = "[CP] Copy Pods Resources";
			outputPaths = (
			);
			runOnlyForDeploymentPostprocessing = 0;
			shellPath = /bin/sh;
			shellScript = "\"${SRCROOT}/Pods/Target Support Files/Pods-StreamIt/Pods-StreamIt-resources.sh\"\n";
			showEnvVarsInLog = 0;
		};
/* End PBXShellScriptBuildPhase section */

/* Begin PBXSourcesBuildPhase section */
		393F19FC1DA2C89100A903DF /* Sources */ = {
			isa = PBXSourcesBuildPhase;
			buildActionMask = 2147483647;
			files = (
				3924E7611DC7C1A600B04C7F /* (null) in Sources */,
				393F1A061DA2C89300A903DF /* STInitialViewController.swift in Sources */,
				39E308DB1DD644B700A1EA89 /* STBonjourManager.swift in Sources */,
				393F1A041DA2C89300A903DF /* AppDelegate.swift in Sources */,
				39E308D31DD63E2F00A1EA89 /* UIView+StreamIt.swift in Sources */,
				39E308D21DD63E2F00A1EA89 /* UILabel+StreamIt.swift in Sources */,
				3924E7651DC7C20500B04C7F /* (null) in Sources */,
				39E308D81DD6447900A1EA89 /* STInitialController.swift in Sources */,
				39E308D01DD63E2F00A1EA89 /* UIColor+StreamIt.swift in Sources */,
				39E308D61DD6425700A1EA89 /* STGenericCardView.swift in Sources */,
				39E308CE1DD63E2F00A1EA89 /* NSLayoutConstraint+StreamIt.swift in Sources */,
				3924E7631DC7C1D200B04C7F /* (null) in Sources */,
				3924E7671DC7C22400B04C7F /* (null) in Sources */,
				39E308D11DD63E2F00A1EA89 /* UIImageView+StreamIt.swift in Sources */,
				3924E75F1DC7C12000B04C7F /* (null) in Sources */,
				39E308CF1DD63E2F00A1EA89 /* UIButton+StreamIt.swift in Sources */,
			);
			runOnlyForDeploymentPostprocessing = 0;
		};
		39E308DC1DD6461400A1EA89 /* Sources */ = {
			isa = PBXSourcesBuildPhase;
			buildActionMask = 2147483647;
			files = (
				39E308EE1DD6463900A1EA89 /* STConstants.swift in Sources */,
			);
			runOnlyForDeploymentPostprocessing = 0;
		};
		3C2EB17B1DD50F09000CC7FD /* Sources */ = {
			isa = PBXSourcesBuildPhase;
			buildActionMask = 2147483647;
			files = (
				3C2EB1A31DD51C92000CC7FD /* STSession.swift in Sources */,
				3C2EB1A11DD51C44000CC7FD /* STPosts.swift in Sources */,
				3C2EB19F1DD51C24000CC7FD /* STClients.swift in Sources */,
			);
			runOnlyForDeploymentPostprocessing = 0;
		};
		3C2EB1841DD50F09000CC7FD /* Sources */ = {
			isa = PBXSourcesBuildPhase;
			buildActionMask = 2147483647;
			files = (
				3C2EB1901DD50F09000CC7FD /* STDatabaseTests.swift in Sources */,
			);
			runOnlyForDeploymentPostprocessing = 0;
		};
		708623C21DD65F3E006550DA /* Sources */ = {
			isa = PBXSourcesBuildPhase;
			buildActionMask = 2147483647;
			files = (
				708623E51DD6608B006550DA /* STWebServer.swift in Sources */,
				708623E81DD7A9E6006550DA /* STRouter.swift in Sources */,
			);
			runOnlyForDeploymentPostprocessing = 0;
		};
		708623CB1DD65F3E006550DA /* Sources */ = {
			isa = PBXSourcesBuildPhase;
			buildActionMask = 2147483647;
			files = (
				708623D71DD65F3E006550DA /* STHTTPServerTests.swift in Sources */,
			);
			runOnlyForDeploymentPostprocessing = 0;
		};
/* End PBXSourcesBuildPhase section */

/* Begin PBXTargetDependency section */
		39E308E71DD6461400A1EA89 /* PBXTargetDependency */ = {
			isa = PBXTargetDependency;
			target = 39E308E01DD6461400A1EA89 /* STCommon */;
			targetProxy = 39E308E61DD6461400A1EA89 /* PBXContainerItemProxy */;
		};
		3C2EB18B1DD50F09000CC7FD /* PBXTargetDependency */ = {
			isa = PBXTargetDependency;
			target = 3C2EB17F1DD50F09000CC7FD /* STDatabase */;
			targetProxy = 3C2EB18A1DD50F09000CC7FD /* PBXContainerItemProxy */;
		};
		3C2EB18D1DD50F09000CC7FD /* PBXTargetDependency */ = {
			isa = PBXTargetDependency;
			target = 393F19FF1DA2C89100A903DF /* StreamIt */;
			targetProxy = 3C2EB18C1DD50F09000CC7FD /* PBXContainerItemProxy */;
		};
		3C2EB1941DD50F09000CC7FD /* PBXTargetDependency */ = {
			isa = PBXTargetDependency;
			target = 3C2EB17F1DD50F09000CC7FD /* STDatabase */;
			targetProxy = 3C2EB1931DD50F09000CC7FD /* PBXContainerItemProxy */;
		};
		708623D21DD65F3E006550DA /* PBXTargetDependency */ = {
			isa = PBXTargetDependency;
			target = 708623C61DD65F3E006550DA /* STHTTPServer */;
			targetProxy = 708623D11DD65F3E006550DA /* PBXContainerItemProxy */;
		};
		708623D41DD65F3E006550DA /* PBXTargetDependency */ = {
			isa = PBXTargetDependency;
			target = 393F19FF1DA2C89100A903DF /* StreamIt */;
			targetProxy = 708623D31DD65F3E006550DA /* PBXContainerItemProxy */;
		};
		708623DB1DD65F3E006550DA /* PBXTargetDependency */ = {
			isa = PBXTargetDependency;
			target = 708623C61DD65F3E006550DA /* STHTTPServer */;
			targetProxy = 708623DA1DD65F3E006550DA /* PBXContainerItemProxy */;
		};
/* End PBXTargetDependency section */

/* Begin PBXVariantGroup section */
		393F1A071DA2C89300A903DF /* Main.storyboard */ = {
			isa = PBXVariantGroup;
			children = (
				393F1A081DA2C89300A903DF /* Base */,
			);
			name = Main.storyboard;
			sourceTree = "<group>";
		};
		393F1A0C1DA2C89300A903DF /* LaunchScreen.storyboard */ = {
			isa = PBXVariantGroup;
			children = (
				393F1A0D1DA2C89300A903DF /* Base */,
			);
			name = LaunchScreen.storyboard;
			sourceTree = "<group>";
		};
/* End PBXVariantGroup section */

/* Begin XCBuildConfiguration section */
		393F1A101DA2C89300A903DF /* Debug */ = {
			isa = XCBuildConfiguration;
			buildSettings = {
				ALWAYS_SEARCH_USER_PATHS = NO;
				CLANG_ANALYZER_NONNULL = YES;
				CLANG_CXX_LANGUAGE_STANDARD = "gnu++0x";
				CLANG_CXX_LIBRARY = "libc++";
				CLANG_ENABLE_MODULES = YES;
				CLANG_ENABLE_OBJC_ARC = YES;
				CLANG_WARN_BOOL_CONVERSION = YES;
				CLANG_WARN_CONSTANT_CONVERSION = YES;
				CLANG_WARN_DIRECT_OBJC_ISA_USAGE = YES_ERROR;
				CLANG_WARN_DOCUMENTATION_COMMENTS = YES;
				CLANG_WARN_EMPTY_BODY = YES;
				CLANG_WARN_ENUM_CONVERSION = YES;
				CLANG_WARN_INFINITE_RECURSION = YES;
				CLANG_WARN_INT_CONVERSION = YES;
				CLANG_WARN_OBJC_ROOT_CLASS = YES_ERROR;
				CLANG_WARN_SUSPICIOUS_MOVE = YES;
				CLANG_WARN_SUSPICIOUS_MOVES = YES;
				CLANG_WARN_UNREACHABLE_CODE = YES;
				CLANG_WARN__DUPLICATE_METHOD_MATCH = YES;
				"CODE_SIGN_IDENTITY[sdk=iphoneos*]" = "iPhone Developer";
				COPY_PHASE_STRIP = NO;
				DEBUG_INFORMATION_FORMAT = dwarf;
				ENABLE_STRICT_OBJC_MSGSEND = YES;
				ENABLE_TESTABILITY = YES;
				GCC_C_LANGUAGE_STANDARD = gnu99;
				GCC_DYNAMIC_NO_PIC = NO;
				GCC_NO_COMMON_BLOCKS = YES;
				GCC_OPTIMIZATION_LEVEL = 0;
				GCC_PREPROCESSOR_DEFINITIONS = (
					"DEBUG=1",
					"$(inherited)",
				);
				GCC_WARN_64_TO_32_BIT_CONVERSION = YES;
				GCC_WARN_ABOUT_RETURN_TYPE = YES_ERROR;
				GCC_WARN_UNDECLARED_SELECTOR = YES;
				GCC_WARN_UNINITIALIZED_AUTOS = YES_AGGRESSIVE;
				GCC_WARN_UNUSED_FUNCTION = YES;
				GCC_WARN_UNUSED_VARIABLE = YES;
				IPHONEOS_DEPLOYMENT_TARGET = 10.1;
				MTL_ENABLE_DEBUG_INFO = YES;
				ONLY_ACTIVE_ARCH = YES;
				SDKROOT = iphoneos;
				SWIFT_ACTIVE_COMPILATION_CONDITIONS = DEBUG;
				SWIFT_OPTIMIZATION_LEVEL = "-Onone";
				SWIFT_VERSION = 2.3;
			};
			name = Debug;
		};
		393F1A111DA2C89300A903DF /* Release */ = {
			isa = XCBuildConfiguration;
			buildSettings = {
				ALWAYS_SEARCH_USER_PATHS = NO;
				CLANG_ANALYZER_NONNULL = YES;
				CLANG_CXX_LANGUAGE_STANDARD = "gnu++0x";
				CLANG_CXX_LIBRARY = "libc++";
				CLANG_ENABLE_MODULES = YES;
				CLANG_ENABLE_OBJC_ARC = YES;
				CLANG_WARN_BOOL_CONVERSION = YES;
				CLANG_WARN_CONSTANT_CONVERSION = YES;
				CLANG_WARN_DIRECT_OBJC_ISA_USAGE = YES_ERROR;
				CLANG_WARN_DOCUMENTATION_COMMENTS = YES;
				CLANG_WARN_EMPTY_BODY = YES;
				CLANG_WARN_ENUM_CONVERSION = YES;
				CLANG_WARN_INFINITE_RECURSION = YES;
				CLANG_WARN_INT_CONVERSION = YES;
				CLANG_WARN_OBJC_ROOT_CLASS = YES_ERROR;
				CLANG_WARN_SUSPICIOUS_MOVE = YES;
				CLANG_WARN_SUSPICIOUS_MOVES = YES;
				CLANG_WARN_UNREACHABLE_CODE = YES;
				CLANG_WARN__DUPLICATE_METHOD_MATCH = YES;
				"CODE_SIGN_IDENTITY[sdk=iphoneos*]" = "iPhone Developer";
				COPY_PHASE_STRIP = NO;
				DEBUG_INFORMATION_FORMAT = "dwarf-with-dsym";
				ENABLE_NS_ASSERTIONS = NO;
				ENABLE_STRICT_OBJC_MSGSEND = YES;
				GCC_C_LANGUAGE_STANDARD = gnu99;
				GCC_NO_COMMON_BLOCKS = YES;
				GCC_WARN_64_TO_32_BIT_CONVERSION = YES;
				GCC_WARN_ABOUT_RETURN_TYPE = YES_ERROR;
				GCC_WARN_UNDECLARED_SELECTOR = YES;
				GCC_WARN_UNINITIALIZED_AUTOS = YES_AGGRESSIVE;
				GCC_WARN_UNUSED_FUNCTION = YES;
				GCC_WARN_UNUSED_VARIABLE = YES;
				IPHONEOS_DEPLOYMENT_TARGET = 10.1;
				MTL_ENABLE_DEBUG_INFO = NO;
				SDKROOT = iphoneos;
				SWIFT_OPTIMIZATION_LEVEL = "-Owholemodule";
				SWIFT_VERSION = 2.3;
				VALIDATE_PRODUCT = YES;
			};
			name = Release;
		};
		393F1A131DA2C89300A903DF /* Debug */ = {
			isa = XCBuildConfiguration;
			baseConfigurationReference = 68E9F728CAFD55A632C93820 /* Pods-StreamIt.debug.xcconfig */;
			buildSettings = {
				ALWAYS_EMBED_SWIFT_STANDARD_LIBRARIES = YES;
				ASSETCATALOG_COMPILER_APPICON_NAME = AppIcon;
				"CODE_SIGN_IDENTITY[sdk=iphoneos*]" = "iPhone Developer";
				DEVELOPMENT_TEAM = YWY79Y4UH2;
				INFOPLIST_FILE = StreamIt/Info.plist;
				LD_RUNPATH_SEARCH_PATHS = "$(inherited) @executable_path/Frameworks";
				PRODUCT_BUNDLE_IDENTIFIER = com.3004team.StreamIt;
				PRODUCT_NAME = "$(TARGET_NAME)";
				SWIFT_VERSION = 2.3;
			};
			name = Debug;
		};
		393F1A141DA2C89300A903DF /* Release */ = {
			isa = XCBuildConfiguration;
			baseConfigurationReference = 8DB6AA38F34DCB4587513AD0 /* Pods-StreamIt.release.xcconfig */;
			buildSettings = {
				ALWAYS_EMBED_SWIFT_STANDARD_LIBRARIES = YES;
				ASSETCATALOG_COMPILER_APPICON_NAME = AppIcon;
				"CODE_SIGN_IDENTITY[sdk=iphoneos*]" = "iPhone Developer";
				DEVELOPMENT_TEAM = YWY79Y4UH2;
				INFOPLIST_FILE = StreamIt/Info.plist;
				LD_RUNPATH_SEARCH_PATHS = "$(inherited) @executable_path/Frameworks";
				PRODUCT_BUNDLE_IDENTIFIER = com.3004team.StreamIt;
				PRODUCT_NAME = "$(TARGET_NAME)";
				SWIFT_VERSION = 2.3;
			};
			name = Release;
		};
		39E308EB1DD6461400A1EA89 /* Debug */ = {
			isa = XCBuildConfiguration;
			buildSettings = {
				CLANG_ENABLE_MODULES = YES;
				CODE_SIGN_IDENTITY = "";
				CURRENT_PROJECT_VERSION = 1;
				DEFINES_MODULE = YES;
				DEVELOPMENT_TEAM = BF7URC6ZPU;
				DYLIB_COMPATIBILITY_VERSION = 1;
				DYLIB_CURRENT_VERSION = 1;
				DYLIB_INSTALL_NAME_BASE = "@rpath";
				INFOPLIST_FILE = STCommon/Info.plist;
				INSTALL_PATH = "$(LOCAL_LIBRARY_DIR)/Frameworks";
				LD_RUNPATH_SEARCH_PATHS = "$(inherited) @executable_path/Frameworks @loader_path/Frameworks";
				PRODUCT_BUNDLE_IDENTIFIER = com.3004team.STCommon;
				PRODUCT_NAME = "$(TARGET_NAME)";
				SKIP_INSTALL = YES;
				SWIFT_OPTIMIZATION_LEVEL = "-Onone";
				SWIFT_VERSION = 2.3;
				TARGETED_DEVICE_FAMILY = "1,2";
				VERSIONING_SYSTEM = "apple-generic";
				VERSION_INFO_PREFIX = "";
			};
			name = Debug;
		};
		39E308EC1DD6461400A1EA89 /* Release */ = {
			isa = XCBuildConfiguration;
			buildSettings = {
				CLANG_ENABLE_MODULES = YES;
				CODE_SIGN_IDENTITY = "";
				CURRENT_PROJECT_VERSION = 1;
				DEFINES_MODULE = YES;
				DEVELOPMENT_TEAM = BF7URC6ZPU;
				DYLIB_COMPATIBILITY_VERSION = 1;
				DYLIB_CURRENT_VERSION = 1;
				DYLIB_INSTALL_NAME_BASE = "@rpath";
				INFOPLIST_FILE = STCommon/Info.plist;
				INSTALL_PATH = "$(LOCAL_LIBRARY_DIR)/Frameworks";
				LD_RUNPATH_SEARCH_PATHS = "$(inherited) @executable_path/Frameworks @loader_path/Frameworks";
				PRODUCT_BUNDLE_IDENTIFIER = com.3004team.STCommon;
				PRODUCT_NAME = "$(TARGET_NAME)";
				SKIP_INSTALL = YES;
				SWIFT_VERSION = 2.3;
				TARGETED_DEVICE_FAMILY = "1,2";
				VERSIONING_SYSTEM = "apple-generic";
				VERSION_INFO_PREFIX = "";
			};
			name = Release;
		};
		3C2EB1971DD50F09000CC7FD /* Debug */ = {
			isa = XCBuildConfiguration;
			baseConfigurationReference = 02A8A0A53E8F62ED8529D30A /* Pods-STDatabase.debug.xcconfig */;
			buildSettings = {
				CLANG_ENABLE_MODULES = YES;
				CODE_SIGN_IDENTITY = "";
				CURRENT_PROJECT_VERSION = 1;
				DEFINES_MODULE = YES;
				DEVELOPMENT_TEAM = "";
				DYLIB_COMPATIBILITY_VERSION = 1;
				DYLIB_CURRENT_VERSION = 1;
				DYLIB_INSTALL_NAME_BASE = "@rpath";
				INFOPLIST_FILE = STDatabase/Info.plist;
				INSTALL_PATH = "$(LOCAL_LIBRARY_DIR)/Frameworks";
				IPHONEOS_DEPLOYMENT_TARGET = 10.1;
				LD_RUNPATH_SEARCH_PATHS = "$(inherited) @executable_path/Frameworks @loader_path/Frameworks";
				PRODUCT_BUNDLE_IDENTIFIER = com.3004team.STDatabase;
				PRODUCT_NAME = "$(TARGET_NAME)";
				SKIP_INSTALL = YES;
				SWIFT_OPTIMIZATION_LEVEL = "-Onone";
				SWIFT_VERSION = 2.3;
				TARGETED_DEVICE_FAMILY = "1,2";
				VERSIONING_SYSTEM = "apple-generic";
				VERSION_INFO_PREFIX = "";
			};
			name = Debug;
		};
		3C2EB1981DD50F09000CC7FD /* Release */ = {
			isa = XCBuildConfiguration;
			baseConfigurationReference = 03B58E1686C9AF79351AAF8C /* Pods-STDatabase.release.xcconfig */;
			buildSettings = {
				CLANG_ENABLE_MODULES = YES;
				CODE_SIGN_IDENTITY = "";
				CURRENT_PROJECT_VERSION = 1;
				DEFINES_MODULE = YES;
				DEVELOPMENT_TEAM = "";
				DYLIB_COMPATIBILITY_VERSION = 1;
				DYLIB_CURRENT_VERSION = 1;
				DYLIB_INSTALL_NAME_BASE = "@rpath";
				INFOPLIST_FILE = STDatabase/Info.plist;
				INSTALL_PATH = "$(LOCAL_LIBRARY_DIR)/Frameworks";
				IPHONEOS_DEPLOYMENT_TARGET = 10.1;
				LD_RUNPATH_SEARCH_PATHS = "$(inherited) @executable_path/Frameworks @loader_path/Frameworks";
				PRODUCT_BUNDLE_IDENTIFIER = com.3004team.STDatabase;
				PRODUCT_NAME = "$(TARGET_NAME)";
				SKIP_INSTALL = YES;
				SWIFT_VERSION = 2.3;
				TARGETED_DEVICE_FAMILY = "1,2";
				VERSIONING_SYSTEM = "apple-generic";
				VERSION_INFO_PREFIX = "";
			};
			name = Release;
		};
		3C2EB1991DD50F09000CC7FD /* Debug */ = {
			isa = XCBuildConfiguration;
			buildSettings = {
				ALWAYS_EMBED_SWIFT_STANDARD_LIBRARIES = YES;
				INFOPLIST_FILE = STDatabaseTests/Info.plist;
				IPHONEOS_DEPLOYMENT_TARGET = 10.1;
				LD_RUNPATH_SEARCH_PATHS = "$(inherited) @executable_path/Frameworks @loader_path/Frameworks";
				PRODUCT_BUNDLE_IDENTIFIER = com.3004team.STDatabaseTests;
				PRODUCT_NAME = "$(TARGET_NAME)";
				SWIFT_VERSION = 3.0;
				TEST_HOST = "$(BUILT_PRODUCTS_DIR)/StreamIt.app/StreamIt";
			};
			name = Debug;
		};
		3C2EB19A1DD50F09000CC7FD /* Release */ = {
			isa = XCBuildConfiguration;
			buildSettings = {
				ALWAYS_EMBED_SWIFT_STANDARD_LIBRARIES = YES;
				INFOPLIST_FILE = STDatabaseTests/Info.plist;
				IPHONEOS_DEPLOYMENT_TARGET = 10.1;
				LD_RUNPATH_SEARCH_PATHS = "$(inherited) @executable_path/Frameworks @loader_path/Frameworks";
				PRODUCT_BUNDLE_IDENTIFIER = com.3004team.STDatabaseTests;
				PRODUCT_NAME = "$(TARGET_NAME)";
				SWIFT_VERSION = 3.0;
				TEST_HOST = "$(BUILT_PRODUCTS_DIR)/StreamIt.app/StreamIt";
			};
			name = Release;
		};
		708623DE1DD65F3E006550DA /* Debug */ = {
			isa = XCBuildConfiguration;
			baseConfigurationReference = AE093ACA7BA9954100D3697B /* Pods-STHTTPServer.debug.xcconfig */;
			buildSettings = {
				CLANG_ENABLE_MODULES = YES;
				CODE_SIGN_IDENTITY = "";
				CURRENT_PROJECT_VERSION = 1;
				DEFINES_MODULE = YES;
				DEVELOPMENT_TEAM = BF7URC6ZPU;
				DYLIB_COMPATIBILITY_VERSION = 1;
				DYLIB_CURRENT_VERSION = 1;
				DYLIB_INSTALL_NAME_BASE = "@rpath";
				INFOPLIST_FILE = STHTTPServer/Info.plist;
				INSTALL_PATH = "$(LOCAL_LIBRARY_DIR)/Frameworks";
				LD_RUNPATH_SEARCH_PATHS = "$(inherited) @executable_path/Frameworks @loader_path/Frameworks";
				PRODUCT_BUNDLE_IDENTIFIER = com.3004team.STHTTPServer;
				PRODUCT_NAME = "$(TARGET_NAME)";
				SKIP_INSTALL = YES;
				SWIFT_OPTIMIZATION_LEVEL = "-Onone";
				SWIFT_VERSION = 2.3;
				TARGETED_DEVICE_FAMILY = "1,2";
				VERSIONING_SYSTEM = "apple-generic";
				VERSION_INFO_PREFIX = "";
			};
			name = Debug;
		};
		708623DF1DD65F3E006550DA /* Release */ = {
			isa = XCBuildConfiguration;
			baseConfigurationReference = 240769C53614FF9171833D7E /* Pods-STHTTPServer.release.xcconfig */;
			buildSettings = {
				CLANG_ENABLE_MODULES = YES;
				CODE_SIGN_IDENTITY = "";
				CURRENT_PROJECT_VERSION = 1;
				DEFINES_MODULE = YES;
				DEVELOPMENT_TEAM = BF7URC6ZPU;
				DYLIB_COMPATIBILITY_VERSION = 1;
				DYLIB_CURRENT_VERSION = 1;
				DYLIB_INSTALL_NAME_BASE = "@rpath";
				INFOPLIST_FILE = STHTTPServer/Info.plist;
				INSTALL_PATH = "$(LOCAL_LIBRARY_DIR)/Frameworks";
				LD_RUNPATH_SEARCH_PATHS = "$(inherited) @executable_path/Frameworks @loader_path/Frameworks";
				PRODUCT_BUNDLE_IDENTIFIER = com.3004team.STHTTPServer;
				PRODUCT_NAME = "$(TARGET_NAME)";
				SKIP_INSTALL = YES;
				SWIFT_VERSION = 2.3;
				TARGETED_DEVICE_FAMILY = "1,2";
				VERSIONING_SYSTEM = "apple-generic";
				VERSION_INFO_PREFIX = "";
			};
			name = Release;
		};
		708623E01DD65F3E006550DA /* Debug */ = {
			isa = XCBuildConfiguration;
			buildSettings = {
				ALWAYS_EMBED_SWIFT_STANDARD_LIBRARIES = YES;
				INFOPLIST_FILE = STHTTPServerTests/Info.plist;
				LD_RUNPATH_SEARCH_PATHS = "$(inherited) @executable_path/Frameworks @loader_path/Frameworks";
				PRODUCT_BUNDLE_IDENTIFIER = ca.twoseven.STHTTPServerTests;
				PRODUCT_NAME = "$(TARGET_NAME)";
				SWIFT_VERSION = 3.0;
				TEST_HOST = "$(BUILT_PRODUCTS_DIR)/StreamIt.app/StreamIt";
			};
			name = Debug;
		};
		708623E11DD65F3E006550DA /* Release */ = {
			isa = XCBuildConfiguration;
			buildSettings = {
				ALWAYS_EMBED_SWIFT_STANDARD_LIBRARIES = YES;
				INFOPLIST_FILE = STHTTPServerTests/Info.plist;
				LD_RUNPATH_SEARCH_PATHS = "$(inherited) @executable_path/Frameworks @loader_path/Frameworks";
				PRODUCT_BUNDLE_IDENTIFIER = ca.twoseven.STHTTPServerTests;
				PRODUCT_NAME = "$(TARGET_NAME)";
				SWIFT_VERSION = 3.0;
				TEST_HOST = "$(BUILT_PRODUCTS_DIR)/StreamIt.app/StreamIt";
			};
			name = Release;
		};
/* End XCBuildConfiguration section */

/* Begin XCConfigurationList section */
		393F19FB1DA2C89100A903DF /* Build configuration list for PBXProject "StreamIt" */ = {
			isa = XCConfigurationList;
			buildConfigurations = (
				393F1A101DA2C89300A903DF /* Debug */,
				393F1A111DA2C89300A903DF /* Release */,
			);
			defaultConfigurationIsVisible = 0;
			defaultConfigurationName = Release;
		};
		393F1A121DA2C89300A903DF /* Build configuration list for PBXNativeTarget "StreamIt" */ = {
			isa = XCConfigurationList;
			buildConfigurations = (
				393F1A131DA2C89300A903DF /* Debug */,
				393F1A141DA2C89300A903DF /* Release */,
			);
			defaultConfigurationIsVisible = 0;
			defaultConfigurationName = Release;
		};
		39E308EA1DD6461400A1EA89 /* Build configuration list for PBXNativeTarget "STCommon" */ = {
			isa = XCConfigurationList;
			buildConfigurations = (
				39E308EB1DD6461400A1EA89 /* Debug */,
				39E308EC1DD6461400A1EA89 /* Release */,
			);
			defaultConfigurationIsVisible = 0;
			defaultConfigurationName = Release;
		};
		3C2EB19B1DD50F09000CC7FD /* Build configuration list for PBXNativeTarget "STDatabase" */ = {
			isa = XCConfigurationList;
			buildConfigurations = (
				3C2EB1971DD50F09000CC7FD /* Debug */,
				3C2EB1981DD50F09000CC7FD /* Release */,
			);
			defaultConfigurationIsVisible = 0;
			defaultConfigurationName = Release;
		};
		3C2EB19D1DD50F09000CC7FD /* Build configuration list for PBXNativeTarget "STDatabaseTests" */ = {
			isa = XCConfigurationList;
			buildConfigurations = (
				3C2EB1991DD50F09000CC7FD /* Debug */,
				3C2EB19A1DD50F09000CC7FD /* Release */,
			);
			defaultConfigurationIsVisible = 0;
			defaultConfigurationName = Release;
		};
		708623E21DD65F3E006550DA /* Build configuration list for PBXNativeTarget "STHTTPServer" */ = {
			isa = XCConfigurationList;
			buildConfigurations = (
				708623DE1DD65F3E006550DA /* Debug */,
				708623DF1DD65F3E006550DA /* Release */,
			);
			defaultConfigurationIsVisible = 0;
			defaultConfigurationName = Release;
		};
		708623E31DD65F3E006550DA /* Build configuration list for PBXNativeTarget "STHTTPServerTests" */ = {
			isa = XCConfigurationList;
			buildConfigurations = (
				708623E01DD65F3E006550DA /* Debug */,
				708623E11DD65F3E006550DA /* Release */,
			);
			defaultConfigurationIsVisible = 0;
			defaultConfigurationName = Release;
		};
/* End XCConfigurationList section */
	};
	rootObject = 393F19F81DA2C89100A903DF /* Project object */;
}
